# This file is automatically @generated by Cargo.
# It is not intended for manual editing.
version = 4

[[package]]
name = "arrayref"
version = "0.3.9"
source = "registry+https://github.com/rust-lang/crates.io-index"
checksum = "76a2e8124351fda1ef8aaaa3bbd7ebbcb486bbcd4225aca0aa0d84bb2db8fecb"

[[package]]
name = "audiopus_sys"
version = "0.2.2"
source = "registry+https://github.com/rust-lang/crates.io-index"
checksum = "62314a1546a2064e033665d658e88c620a62904be945f8147e6b16c3db9f8651"
dependencies = [
 "cmake",
 "log",
 "pkg-config",
]

[[package]]
name = "autocfg"
version = "1.5.1"
source = "registry+https://github.com/rust-lang/crates.io-index"
checksum = "f2032f911046de80f0a198e0901378627c33f59ea0ac00e363d481118bd70a53"

[[package]]
name = "cc"
version = "1.6.0"
source = "registry+https://github.com/rust-lang/crates.io-index"
checksum = "f74872d07caf508b30a21f6836e7d7016a2eaf7d9ff4f48deaa58cd8a0407630"
dependencies = [
 "find-msvc-tools",
 "shlex",
]

[[package]]
name = "cmake"
version = "0.1.58"
source = "registry+https://github.com/rust-lang/crates.io-index"
checksum = "c0f78a02292a74a88ac736019ab962ece0bc380e3f977bf72e376c5d78ff0678"
dependencies = [
 "cc",
]

[[package]]
name = "find-msvc-tools"
version = "0.1.14"
source = "registry+https://github.com/rust-lang/crates.io-index"
checksum = "aedcfb3409746eddb02b9e19ebda1c3394f759a152e48ee875a0844d1b955484"

[[package]]
name = "log"
version = "0.4.34"
source = "registry+https://github.com/rust-lang/crates.io-index"
checksum = "f9f8bd3e56ce4dfc153cf470fffbfa98c7620958b312ca5c3a4b8d5181fd13c6"

[[package]]
name = "num-complex"
version = "0.4.6"
source = "registry+https://github.com/rust-lang/crates.io-index"
checksum = "73f88a1307638156682bada9d7604135552957b7818057dcef22705b4d509495"
dependencies = [
 "num-traits",
]

[[package]]
name = "num-traits"
version = "0.2.19"
source = "registry+https://github.com/rust-lang/crates.io-index"
checksum = "071dfc062690e90b734c0b2273ce72ad0ffa95f0c74596bc250dcfd960262841"
dependencies = [
 "autocfg",
]

[[package]]
name = "opus"
version = "0.3.1"
source = "registry+https://github.com/rust-lang/crates.io-index"
checksum = "4d3809943dff6fbad5f0484449ea26bdb9cb7d8efdf26ed50d3c7f227f69eb5c"
dependencies = [
 "audiopus_sys",
]

[[package]]
name = "opus"
version = "0.4.0"
source = "registry+https://github.com/rust-lang/crates.io-index"
checksum = "33718946cc77d4032911d4efe03a66dbcbfbd2bb16c3da06aaeadcc637c32216"
dependencies = [
 "opusic-sys",
]

[[package]]
name = "opus-rs"
version = "0.1.37"
source = "registry+https://github.com/rust-lang/crates.io-index"
checksum = "1880f411a21320dcb546c8f38f05ffb75643362ee0235437487999ed543e26ae"

[[package]]
name = "opus-spike"
version = "0.1.0"
dependencies = [
 "opus 0.3.1",
 "opus 0.4.0",
 "opus-rs",
 "opusic-c",
 "unsafe-libopus",
]

[[package]]
name = "opusic-c"
version = "1.6.1"
source = "registry+https://github.com/rust-lang/crates.io-index"
checksum = "89f8e9c909466f15e60277212cc4fec082c68a5e1c9f6e373eee716fec2fed47"
dependencies = [
 "opusic-sys",
]

[[package]]
name = "opusic-sys"
version = "0.7.5"
source = "registry+https://github.com/rust-lang/crates.io-index"
checksum = "c9d1ecdf206421bc74343ab3bb2f30ad2abbfee41fa341f7181fecbaf957769a"
dependencies = [
 "cmake",
]

[[package]]
name = "pkg-config"
version = "0.3.34"
source = "registry+https://github.com/rust-lang/crates.io-index"
checksum = "f6b464fbc74e149a392436b17d523f769e057cb6877f6a5c4618bc6f11800548"

[[package]]
name = "shlex"
version = "2.0.1"
source = "registry+https://github.com/rust-lang/crates.io-index"
checksum = "f8fadd59c855ef2080decdef8ff161eb6661b86933c9d82e5ba29dc602a55aba"

[[package]]
name = "unsafe-libopus"
version = "0.2.0"
source = "registry+https://github.com/rust-lang/crates.io-index"
checksum = "c757408e7256c910343c7b215c8c8b878948630eecc774baabcca0972376eb73"
dependencies = [
 "arrayref",
 "num-complex",
 "num-traits",
]
